
Microsoft Visual Studio Solution File, Format Version 12.00
# Visual Studio Version 17
VisualStudioVersion = 17.14.36408.4 d17.14
MinimumVisualStudioVersion = 10.0.40219.1
Project("{FAE04EC0-301F-11D3-BF4B-00C04F79EFBC}") = "DailyApp.WPF", "DailyApp.WPF.csproj", "{196B0E23-0A7B-8D3C-4B0D-8D01A132B435}"
EndProject
Global
	GlobalSection(SolutionConfigurationPlatforms) = preSolution
		Debug|Any CPU = Debug|Any CPU
		Release|Any CPU = Release|Any CPU
	EndGlobalSection
	GlobalSection(ProjectConfigurationPlatforms) = postSolution
		{196B0E23-0A7B-8D3C-4B0D-8D01A132B435}.Debug|Any CPU.ActiveCfg = Debug|Any CPU
		{196B0E23-0A7B-8D3C-4B0D-8D01A132B435}.Debug|Any CPU.Build.0 = Debug|Any CPU
		{196B0E23-0A7B-8D3C-4B0D-8D01A132B435}.Release|Any CPU.ActiveCfg = Release|Any CPU
		{196B0E23-0A7B-8D3C-4B0D-8D01A132B435}.Release|Any CPU.Build.0 = Release|Any CPU
	EndGlobalSection
	GlobalSection(SolutionProperties) = preSolution
		HideSolutionNode = FALSE
	EndGlobalSection
	GlobalSection(ExtensibilityGlobals) = postSolution
		SolutionGuid = {5D060724-887B-4875-BBEA-8BFDF203A410}
	EndGlobalSection
EndGlobal
